
Microsoft Visual Studio Solution File, Format Version 12.00
# Visual Studio Version 16
VisualStudioVersion = 16.0.28729.10
MinimumVisualStudioVersion = 10.0.40219.1
Project("{9A19103F-16F7-4668-BE54-9A1E7A4F7556}") = "DockerTest.Blog", "DockerTest.Blog\DockerTest.Blog.csproj", "{7AFF6C1E-C4D3-4620-B98A-3DF40A50167A}"
EndProject
Project("{9A19103F-16F7-4668-BE54-9A1E7A4F7556}") = "DockerTest.FileUpload", "DockerTest.FileUpload\DockerTest.FileUpload.csproj", "{CCF4FB9C-80D5-47F0-B0CA-43C89011F339}"
EndProject
Project("{E53339B2-1760-4266-BCC7-CA923CBCF16C}") = "docker-compose", "docker-compose.dcproj", "{8DBB286C-695B-445D-8C89-CCFF51EF7BDD}"
EndProject
Project("{9A19103F-16F7-4668-BE54-9A1E7A4F7556}") = "DockerTest.ApiGw", "DockerTest.ApiGw\DockerTest.ApiGw.csproj", "{3456FD25-B8AC-4851-81B8-AA949C5C86E9}"
EndProject
Project("{FAE04EC0-301F-11D3-BF4B-00C04F79EFBC}") = "DockerTest.Client", "DockerTest.Client\DockerTest.Client.csproj", "{32857075-2D3D-4ACC-B1E3-F22DF078FF57}"
EndProject
Global
	GlobalSection(SolutionConfigurationPlatforms) = preSolution
		Debug|Any CPU = Debug|Any CPU
		Release|Any CPU = Release|Any CPU
	EndGlobalSection
	GlobalSection(ProjectConfigurationPlatforms) = postSolution
		{7AFF6C1E-C4D3-4620-B98A-3DF40A50167A}.Debug|Any CPU.ActiveCfg = Debug|Any CPU
		{7AFF6C1E-C4D3-4620-B98A-3DF40A50167A}.Debug|Any CPU.Build.0 = Debug|Any CPU
		{7AFF6C1E-C4D3-4620-B98A-3DF40A50167A}.Release|Any CPU.ActiveCfg = Release|Any CPU
		{7AFF6C1E-C4D3-4620-B98A-3DF40A50167A}.Release|Any CPU.Build.0 = Release|Any CPU
		{CCF4FB9C-80D5-47F0-B0CA-43C89011F339}.Debug|Any CPU.ActiveCfg = Debug|Any CPU
		{CCF4FB9C-80D5-47F0-B0CA-43C89011F339}.Debug|Any CPU.Build.0 = Debug|Any CPU
		{CCF4FB9C-80D5-47F0-B0CA-43C89011F339}.Release|Any CPU.ActiveCfg = Release|Any CPU
		{CCF4FB9C-80D5-47F0-B0CA-43C89011F339}.Release|Any CPU.Build.0 = Release|Any CPU
		{8DBB286C-695B-445D-8C89-CCFF51EF7BDD}.Debug|Any CPU.ActiveCfg = Debug|Any CPU
		{8DBB286C-695B-445D-8C89-CCFF51EF7BDD}.Debug|Any CPU.Build.0 = Debug|Any CPU
		{8DBB286C-695B-445D-8C89-CCFF51EF7BDD}.Release|Any CPU.ActiveCfg = Release|Any CPU
		{8DBB286C-695B-445D-8C89-CCFF51EF7BDD}.Release|Any CPU.Build.0 = Release|Any CPU
		{3456FD25-B8AC-4851-81B8-AA949C5C86E9}.Debug|Any CPU.ActiveCfg = Debug|Any CPU
		{3456FD25-B8AC-4851-81B8-AA949C5C86E9}.Debug|Any CPU.Build.0 = Debug|Any CPU
		{3456FD25-B8AC-4851-81B8-AA949C5C86E9}.Release|Any CPU.ActiveCfg = Release|Any CPU
		{3456FD25-B8AC-4851-81B8-AA949C5C86E9}.Release|Any CPU.Build.0 = Release|Any CPU
		{32857075-2D3D-4ACC-B1E3-F22DF078FF57}.Debug|Any CPU.ActiveCfg = Debug|Any CPU
		{32857075-2D3D-4ACC-B1E3-F22DF078FF57}.Debug|Any CPU.Build.0 = Debug|Any CPU
		{32857075-2D3D-4ACC-B1E3-F22DF078FF57}.Release|Any CPU.ActiveCfg = Release|Any CPU
		{32857075-2D3D-4ACC-B1E3-F22DF078FF57}.Release|Any CPU.Build.0 = Release|Any CPU
	EndGlobalSection
	GlobalSection(SolutionProperties) = preSolution
		HideSolutionNode = FALSE
	EndGlobalSection
	GlobalSection(ExtensibilityGlobals) = postSolution
		SolutionGuid = {1F4C9F93-AD37-4FB0-BF0D-0F3EA4654CCA}
	EndGlobalSection
EndGlobal
